
Microsoft Visual Studio Solution File, Format Version 12.00
Project("{FAE04EC0-301F-11D3-BF4B-00C04F79EFBC}") = "hhnl.HomeAssistantNet.Generator", "hhnl.HomeAssistantNet.Generator\hhnl.HomeAssistantNet.Generator.csproj", "{3BEF15C0-8E09-4D21-9D33-9FEDC3F2BD4B}"
EndProject
Project("{FAE04EC0-301F-11D3-BF4B-00C04F79EFBC}") = "hhnl.HomeAssistantNet.TestProject", "hhnl.HomeAssistantNet.TestProject\hhnl.HomeAssistantNet.TestProject.csproj", "{AE7EB346-B15D-44FB-9708-5FC1CF4C5EFE}"
EndProject
Project("{FAE04EC0-301F-11D3-BF4B-00C04F79EFBC}") = "hhnl.HomeAssistantNet.Automations", "hhnl.HomeAssistantNet.Automations\hhnl.HomeAssistantNet.Automations.csproj", "{7A56B3D8-D3CB-40DF-B991-99B6B9C0F0DF}"
EndProject
Project("{FAE04EC0-301F-11D3-BF4B-00C04F79EFBC}") = "hhnl.HomeAssistantNet.Shared", "hhnl.HomeAssistantNet.Shared\hhnl.HomeAssistantNet.Shared.csproj", "{A5179353-817D-4E4C-A8CA-3D5F10A753CD}"
EndProject
Project("{FAE04EC0-301F-11D3-BF4B-00C04F79EFBC}") = "hhnl.HomeAssistantNet.CSharpForHomeAssistant", "hhnl.HomeAssistantNet.CSharpForHomeAssistant\hhnl.HomeAssistantNet.CSharpForHomeAssistant.csproj", "{B8FDE1A1-F384-4090-B36E-4774553ACE06}"
EndProject
Project("{FAE04EC0-301F-11D3-BF4B-00C04F79EFBC}") = "hhnl.HomeAssistantNet.Tests", "hhnl.HomeAssistantNet.Tests\hhnl.HomeAssistantNet.Tests.csproj", "{5229DE93-05B1-4FF0-972B-DEF47E5FD0C8}"
EndProject
Global
	GlobalSection(SolutionConfigurationPlatforms) = preSolution
		Debug|Any CPU = Debug|Any CPU
		Release|Any CPU = Release|Any CPU
	EndGlobalSection
	GlobalSection(ProjectConfigurationPlatforms) = postSolution
		{3BEF15C0-8E09-4D21-9D33-9FEDC3F2BD4B}.Debug|Any CPU.ActiveCfg = Debug|Any CPU
		{3BEF15C0-8E09-4D21-9D33-9FEDC3F2BD4B}.Debug|Any CPU.Build.0 = Debug|Any CPU
		{3BEF15C0-8E09-4D21-9D33-9FEDC3F2BD4B}.Release|Any CPU.ActiveCfg = Release|Any CPU
		{3BEF15C0-8E09-4D21-9D33-9FEDC3F2BD4B}.Release|Any CPU.Build.0 = Release|Any CPU
		{AE7EB346-B15D-44FB-9708-5FC1CF4C5EFE}.Debug|Any CPU.ActiveCfg = Debug|Any CPU
		{AE7EB346-B15D-44FB-9708-5FC1CF4C5EFE}.Debug|Any CPU.Build.0 = Debug|Any CPU
		{AE7EB346-B15D-44FB-9708-5FC1CF4C5EFE}.Release|Any CPU.ActiveCfg = Release|Any CPU
		{AE7EB346-B15D-44FB-9708-5FC1CF4C5EFE}.Release|Any CPU.Build.0 = Release|Any CPU
		{7A56B3D8-D3CB-40DF-B991-99B6B9C0F0DF}.Debug|Any CPU.ActiveCfg = Debug|Any CPU
		{7A56B3D8-D3CB-40DF-B991-99B6B9C0F0DF}.Debug|Any CPU.Build.0 = Debug|Any CPU
		{7A56B3D8-D3CB-40DF-B991-99B6B9C0F0DF}.Release|Any CPU.ActiveCfg = Release|Any CPU
		{7A56B3D8-D3CB-40DF-B991-99B6B9C0F0DF}.Release|Any CPU.Build.0 = Release|Any CPU
		{A5179353-817D-4E4C-A8CA-3D5F10A753CD}.Debug|Any CPU.ActiveCfg = Debug|Any CPU
		{A5179353-817D-4E4C-A8CA-3D5F10A753CD}.Debug|Any CPU.Build.0 = Debug|Any CPU
		{A5179353-817D-4E4C-A8CA-3D5F10A753CD}.Release|Any CPU.ActiveCfg = Release|Any CPU
		{A5179353-817D-4E4C-A8CA-3D5F10A753CD}.Release|Any CPU.Build.0 = Release|Any CPU
		{B8FDE1A1-F384-4090-B36E-4774553ACE06}.Debug|Any CPU.ActiveCfg = Debug|Any CPU
		{B8FDE1A1-F384-4090-B36E-4774553ACE06}.Debug|Any CPU.Build.0 = Debug|Any CPU
		{B8FDE1A1-F384-4090-B36E-4774553ACE06}.Release|Any CPU.ActiveCfg = Release|Any CPU
		{B8FDE1A1-F384-4090-B36E-4774553ACE06}.Release|Any CPU.Build.0 = Release|Any CPU
		{5229DE93-05B1-4FF0-972B-DEF47E5FD0C8}.Debug|Any CPU.ActiveCfg = Debug|Any CPU
		{5229DE93-05B1-4FF0-972B-DEF47E5FD0C8}.Debug|Any CPU.Build.0 = Debug|Any CPU
		{5229DE93-05B1-4FF0-972B-DEF47E5FD0C8}.Release|Any CPU.ActiveCfg = Release|Any CPU
		{5229DE93-05B1-4FF0-972B-DEF47E5FD0C8}.Release|Any CPU.Build.0 = Release|Any CPU
	EndGlobalSection
EndGlobal
