
Microsoft Visual Studio Solution File, Format Version 12.00
# Visual Studio Version 17
VisualStudioVersion = 17.0.31423.177
MinimumVisualStudioVersion = 10.0.40219.1
Project("{9A19103F-16F7-4668-BE54-9A1E7A4F7556}") = "CS4HA", "CS4HA\CS4HA.csproj", "{8F8223F4-4113-49B9-BF25-158F33361061}"
EndProject
Global
	GlobalSection(SolutionConfigurationPlatforms) = preSolution
		Debug|Any CPU = Debug|Any CPU
		Release|Any CPU = Release|Any CPU
	EndGlobalSection
	GlobalSection(ProjectConfigurationPlatforms) = postSolution
		{8F8223F4-4113-49B9-BF25-158F33361061}.Debug|Any CPU.ActiveCfg = Debug|Any CPU
		{8F8223F4-4113-49B9-BF25-158F33361061}.Debug|Any CPU.Build.0 = Debug|Any CPU
		{8F8223F4-4113-49B9-BF25-158F33361061}.Release|Any CPU.ActiveCfg = Release|Any CPU
		{8F8223F4-4113-49B9-BF25-158F33361061}.Release|Any CPU.Build.0 = Release|Any CPU
	EndGlobalSection
	GlobalSection(SolutionProperties) = preSolution
		HideSolutionNode = FALSE
	EndGlobalSection
	GlobalSection(ExtensibilityGlobals) = postSolution
		SolutionGuid = {0AB0D8B7-84C6-43AB-BA3E-E3203C1DEC20}
	EndGlobalSection
EndGlobal
